
Microsoft Visual Studio Solution File, Format Version 12.00
# Visual Studio 15
VisualStudioVersion = 15.0.27004.2009
MinimumVisualStudioVersion = 10.0.40219.1
Project("{8BC9CEB8-8B4A-11D0-8D11-00A0C91BC942}") = "0", "0\0.vcxproj", "{863BC91A-58E6-4F23-9A9F-C03DCF67E604}"
EndProject
Project("{8BC9CEB8-8B4A-11D0-8D11-00A0C91BC942}") = "2", "2\2.vcxproj", "{C97B5DDD-4A39-499B-9C75-8A5DAE668934}"
EndProject
Project("{8BC9CEB8-8B4A-11D0-8D11-00A0C91BC942}") = "9", "9\9.vcxproj", "{4EAB3E2C-C64F-46DB-96B0-36C910A60F6E}"
EndProject
Project("{8BC9CEB8-8B4A-11D0-8D11-00A0C91BC942}") = "1", "1\1.vcxproj", "{37B8B477-ADA8-4EBB-AD94-3B8156E1F9BF}"
EndProject
Project("{8BC9CEB8-8B4A-11D0-8D11-00A0C91BC942}") = "3", "3\3.vcxproj", "{EBCC10C1-920E-41E1-A8B6-B079404BD87B}"
EndProject
Project("{8BC9CEB8-8B4A-11D0-8D11-00A0C91BC942}") = "6", "6\6.vcxproj", "{CF628D09-A1EE-486A-B45E-4AAA058B036C}"
EndProject
Global
	GlobalSection(SolutionConfigurationPlatforms) = preSolution
		Debug|x64 = Debug|x64
		Debug|x86 = Debug|x86
		Release|x64 = Release|x64
		Release|x86 = Release|x86
	EndGlobalSection
	GlobalSection(ProjectConfigurationPlatforms) = postSolution
		{863BC91A-58E6-4F23-9A9F-C03DCF67E604}.Debug|x64.ActiveCfg = Debug|x64
		{863BC91A-58E6-4F23-9A9F-C03DCF67E604}.Debug|x64.Build.0 = Debug|x64
		{863BC91A-58E6-4F23-9A9F-C03DCF67E604}.Debug|x86.ActiveCfg = Debug|Win32
		{863BC91A-58E6-4F23-9A9F-C03DCF67E604}.Debug|x86.Build.0 = Debug|Win32
		{863BC91A-58E6-4F23-9A9F-C03DCF67E604}.Release|x64.ActiveCfg = Release|x64
		{863BC91A-58E6-4F23-9A9F-C03DCF67E604}.Release|x64.Build.0 = Release|x64
		{863BC91A-58E6-4F23-9A9F-C03DCF67E604}.Release|x86.ActiveCfg = Release|Win32
		{863BC91A-58E6-4F23-9A9F-C03DCF67E604}.Release|x86.Build.0 = Release|Win32
		{C97B5DDD-4A39-499B-9C75-8A5DAE668934}.Debug|x64.ActiveCfg = Debug|x64
		{C97B5DDD-4A39-499B-9C75-8A5DAE668934}.Debug|x64.Build.0 = Debug|x64
		{C97B5DDD-4A39-499B-9C75-8A5DAE668934}.Debug|x86.ActiveCfg = Debug|Win32
		{C97B5DDD-4A39-499B-9C75-8A5DAE668934}.Debug|x86.Build.0 = Debug|Win32
		{C97B5DDD-4A39-499B-9C75-8A5DAE668934}.Release|x64.ActiveCfg = Release|x64
		{C97B5DDD-4A39-499B-9C75-8A5DAE668934}.Release|x64.Build.0 = Release|x64
		{C97B5DDD-4A39-499B-9C75-8A5DAE668934}.Release|x86.ActiveCfg = Release|Win32
		{C97B5DDD-4A39-499B-9C75-8A5DAE668934}.Release|x86.Build.0 = Release|Win32
		{4EAB3E2C-C64F-46DB-96B0-36C910A60F6E}.Debug|x64.ActiveCfg = Debug|x64
		{4EAB3E2C-C64F-46DB-96B0-36C910A60F6E}.Debug|x64.Build.0 = Debug|x64
		{4EAB3E2C-C64F-46DB-96B0-36C910A60F6E}.Debug|x86.ActiveCfg = Debug|Win32
		{4EAB3E2C-C64F-46DB-96B0-36C910A60F6E}.Debug|x86.Build.0 = Debug|Win32
		{4EAB3E2C-C64F-46DB-96B0-36C910A60F6E}.Release|x64.ActiveCfg = Release|x64
		{4EAB3E2C-C64F-46DB-96B0-36C910A60F6E}.Release|x64.Build.0 = Release|x64
		{4EAB3E2C-C64F-46DB-96B0-36C910A60F6E}.Release|x86.ActiveCfg = Release|Win32
		{4EAB3E2C-C64F-46DB-96B0-36C910A60F6E}.Release|x86.Build.0 = Release|Win32
		{37B8B477-ADA8-4EBB-AD94-3B8156E1F9BF}.Debug|x64.ActiveCfg = Debug|x64
		{37B8B477-ADA8-4EBB-AD94-3B8156E1F9BF}.Debug|x64.Build.0 = Debug|x64
		{37B8B477-ADA8-4EBB-AD94-3B8156E1F9BF}.Debug|x86.ActiveCfg = Debug|Win32
		{37B8B477-ADA8-4EBB-AD94-3B8156E1F9BF}.Debug|x86.Build.0 = Debug|Win32
		{37B8B477-ADA8-4EBB-AD94-3B8156E1F9BF}.Release|x64.ActiveCfg = Release|x64
		{37B8B477-ADA8-4EBB-AD94-3B8156E1F9BF}.Release|x64.Build.0 = Release|x64
		{37B8B477-ADA8-4EBB-AD94-3B8156E1F9BF}.Release|x86.ActiveCfg = Release|Win32
		{37B8B477-ADA8-4EBB-AD94-3B8156E1F9BF}.Release|x86.Build.0 = Release|Win32
		{EBCC10C1-920E-41E1-A8B6-B079404BD87B}.Debug|x64.ActiveCfg = Debug|x64
		{EBCC10C1-920E-41E1-A8B6-B079404BD87B}.Debug|x64.Build.0 = Debug|x64
		{EBCC10C1-920E-41E1-A8B6-B079404BD87B}.Debug|x86.ActiveCfg = Debug|Win32
		{EBCC10C1-920E-41E1-A8B6-B079404BD87B}.Debug|x86.Build.0 = Debug|Win32
		{EBCC10C1-920E-41E1-A8B6-B079404BD87B}.Release|x64.ActiveCfg = Release|x64
		{EBCC10C1-920E-41E1-A8B6-B079404BD87B}.Release|x64.Build.0 = Release|x64
		{EBCC10C1-920E-41E1-A8B6-B079404BD87B}.Release|x86.ActiveCfg = Release|Win32
		{EBCC10C1-920E-41E1-A8B6-B079404BD87B}.Release|x86.Build.0 = Release|Win32
		{CF628D09-A1EE-486A-B45E-4AAA058B036C}.Debug|x64.ActiveCfg = Debug|x64
		{CF628D09-A1EE-486A-B45E-4AAA058B036C}.Debug|x64.Build.0 = Debug|x64
		{CF628D09-A1EE-486A-B45E-4AAA058B036C}.Debug|x86.ActiveCfg = Debug|Win32
		{CF628D09-A1EE-486A-B45E-4AAA058B036C}.Debug|x86.Build.0 = Debug|Win32
		{CF628D09-A1EE-486A-B45E-4AAA058B036C}.Release|x64.ActiveCfg = Release|x64
		{CF628D09-A1EE-486A-B45E-4AAA058B036C}.Release|x64.Build.0 = Release|x64
		{CF628D09-A1EE-486A-B45E-4AAA058B036C}.Release|x86.ActiveCfg = Release|Win32
		{CF628D09-A1EE-486A-B45E-4AAA058B036C}.Release|x86.Build.0 = Release|Win32
	EndGlobalSection
	GlobalSection(SolutionProperties) = preSolution
		HideSolutionNode = FALSE
	EndGlobalSection
	GlobalSection(ExtensibilityGlobals) = postSolution
		SolutionGuid = {B0E92B4E-0AE3-4177-9979-6BD81EEE0E36}
	EndGlobalSection
EndGlobal
